PODS:
  - Flutter (1.0.0)
  - geocoding_ios (1.0.5):
    - Flutter
  - OrderedSet (5.0.0)
  - zikzak_inappwebview_ios (0.0.1):
    - Flutter
    - OrderedSet (~> 5.0)
    - zikzak_inappwebview_ios/Core (= 0.0.1)
  - zikzak_inappwebview_ios/Core (0.0.1):
    - Flutter
    - OrderedSet (~> 5.0)

DEPENDENCIES:
  - Flutter (from `Flutter`)
  - geocoding_ios (from `.symlinks/plugins/geocoding_ios/ios`)
  - zikzak_inappwebview_ios (from `.symlinks/plugins/zikzak_inappwebview_ios/ios`)

SPEC REPOS:
  trunk:
    - OrderedSet

EXTERNAL SOURCES:
  Flutter:
    :path: Flutter
  geocoding_ios:
    :path: ".symlinks/plugins/geocoding_ios/ios"
  zikzak_inappwebview_ios:
    :path: ".symlinks/plugins/zikzak_inappwebview_ios/ios"

SPEC CHECKSUMS:
  Flutter: e0871f40cf51350855a761d2e70bf5af5b9b5de7
  geocoding_ios: d7460f56e80e118d57678efe5c2cdc888739ff18
  OrderedSet: aaeb196f7fef5a9edf55d89760da9176ad40b93c
  zikzak_inappwebview_ios: c3814fa5cfe8eed8985e86c09bfd8084b5520674

PODFILE CHECKSUM: c4c93c5f6502fe2754f48404d3594bf779584011

COCOAPODS: 1.15.2
